{
  "nodes": {
    "nixpkgs": {
      "locked": {
        "lastModified": 1738279256,
        "narHash": "sha256-3ap4PPP/Guxr7E7OuLYq71PTKwoYx5YXY+FVWDYzA0U=",
        "owner": "NixOS",
        "repo": "nixpkgs",
        "rev": "a91adc29aa45687022523be3ead6a0a833c287f8",
        "type": "github"
      },
      "original": {
        "owner": "NixOS",
        "repo": "nixpkgs",
        "rev": "a91adc29aa45687022523be3ead6a0a833c287f8",
        "type": "github"
      }
    },
    "root": {
      "inputs": {
        "nixpkgs": "nixpkgs"
      }
    }
  },
  "root": "root",
  "version": 7
}
